
Microsoft Visual Studio Solution File, Format Version 12.00
# Visual Studio 15
VisualStudioVersion = 15.0.28307.329
MinimumVisualStudioVersion = 10.0.40219.1
Project("{FAE04EC0-301F-11D3-BF4B-00C04F79EFBC}") = "MasGlobalTest_Johan", "MasGlobalTest_Johan\MasGlobalTest_Johan.csproj", "{9BC0BFD2-075E-4BC3-A197-F7213F516F30}"
EndProject
Project("{9A19103F-16F7-4668-BE54-9A1E7A4F7556}") = "Data", "Data\Data.csproj", "{715A7E53-6B3F-4610-89C6-894695C9B6EA}"
EndProject
Project("{9A19103F-16F7-4668-BE54-9A1E7A4F7556}") = "Business", "Business\Business.csproj", "{6145E744-234F-46BB-9531-5413005C3115}"
EndProject
Project("{FAE04EC0-301F-11D3-BF4B-00C04F79EFBC}") = "Dto", "Dto\Dto.csproj", "{07C0588D-8565-44C2-940D-5430455D3217}"
EndProject
Project("{FAE04EC0-301F-11D3-BF4B-00C04F79EFBC}") = "Enums", "Enums\Enums.csproj", "{27B31D16-6EA7-45E7-A351-072E0614939A}"
EndProject
Project("{FAE04EC0-301F-11D3-BF4B-00C04F79EFBC}") = "Business.Test", "Business.Test\Business.Test.csproj", "{5995CB61-E5E5-462D-8777-B34142F0996D}"
EndProject
Global
	GlobalSection(SolutionConfigurationPlatforms) = preSolution
		Debug|Any CPU = Debug|Any CPU
		Release|Any CPU = Release|Any CPU
	EndGlobalSection
	GlobalSection(ProjectConfigurationPlatforms) = postSolution
		{9BC0BFD2-075E-4BC3-A197-F7213F516F30}.Debug|Any CPU.ActiveCfg = Debug|Any CPU
		{9BC0BFD2-075E-4BC3-A197-F7213F516F30}.Debug|Any CPU.Build.0 = Debug|Any CPU
		{9BC0BFD2-075E-4BC3-A197-F7213F516F30}.Release|Any CPU.ActiveCfg = Release|Any CPU
		{9BC0BFD2-075E-4BC3-A197-F7213F516F30}.Release|Any CPU.Build.0 = Release|Any CPU
		{715A7E53-6B3F-4610-89C6-894695C9B6EA}.Debug|Any CPU.ActiveCfg = Debug|Any CPU
		{715A7E53-6B3F-4610-89C6-894695C9B6EA}.Debug|Any CPU.Build.0 = Debug|Any CPU
		{715A7E53-6B3F-4610-89C6-894695C9B6EA}.Release|Any CPU.ActiveCfg = Release|Any CPU
		{715A7E53-6B3F-4610-89C6-894695C9B6EA}.Release|Any CPU.Build.0 = Release|Any CPU
		{6145E744-234F-46BB-9531-5413005C3115}.Debug|Any CPU.ActiveCfg = Debug|Any CPU
		{6145E744-234F-46BB-9531-5413005C3115}.Debug|Any CPU.Build.0 = Debug|Any CPU
		{6145E744-234F-46BB-9531-5413005C3115}.Release|Any CPU.ActiveCfg = Release|Any CPU
		{6145E744-234F-46BB-9531-5413005C3115}.Release|Any CPU.Build.0 = Release|Any CPU
		{07C0588D-8565-44C2-940D-5430455D3217}.Debug|Any CPU.ActiveCfg = Debug|Any CPU
		{07C0588D-8565-44C2-940D-5430455D3217}.Debug|Any CPU.Build.0 = Debug|Any CPU
		{07C0588D-8565-44C2-940D-5430455D3217}.Release|Any CPU.ActiveCfg = Release|Any CPU
		{07C0588D-8565-44C2-940D-5430455D3217}.Release|Any CPU.Build.0 = Release|Any CPU
		{27B31D16-6EA7-45E7-A351-072E0614939A}.Debug|Any CPU.ActiveCfg = Debug|Any CPU
		{27B31D16-6EA7-45E7-A351-072E0614939A}.Debug|Any CPU.Build.0 = Debug|Any CPU
		{27B31D16-6EA7-45E7-A351-072E0614939A}.Release|Any CPU.ActiveCfg = Release|Any CPU
		{27B31D16-6EA7-45E7-A351-072E0614939A}.Release|Any CPU.Build.0 = Release|Any CPU
		{5995CB61-E5E5-462D-8777-B34142F0996D}.Debug|Any CPU.ActiveCfg = Debug|Any CPU
		{5995CB61-E5E5-462D-8777-B34142F0996D}.Debug|Any CPU.Build.0 = Debug|Any CPU
		{5995CB61-E5E5-462D-8777-B34142F0996D}.Release|Any CPU.ActiveCfg = Release|Any CPU
		{5995CB61-E5E5-462D-8777-B34142F0996D}.Release|Any CPU.Build.0 = Release|Any CPU
	EndGlobalSection
	GlobalSection(SolutionProperties) = preSolution
		HideSolutionNode = FALSE
	EndGlobalSection
	GlobalSection(ExtensibilityGlobals) = postSolution
		SolutionGuid = {1FAF8490-703E-412E-81D1-C5E2659067AB}
	EndGlobalSection
EndGlobal
